GEM
  remote: http://rubygems.org/
  specs:
    arr-pm (0.0.12)
    aws-eventstream (1.4.0)
    aws-partitions (1.1174.0)
    aws-sdk-core (3.233.0)
      aws-eventstream (~> 1, >= 1.3.0)
      aws-partitions (~> 1, >= 1.992.0)
      aws-sigv4 (~> 1.9)
      base64
      bigdecimal
      jmespath (~> 1, >= 1.6.1)
      logger
    aws-sdk-ec2 (1.564.0)
      aws-sdk-core (~> 3, >= 3.231.0)
      aws-sigv4 (~> 1.5)
    aws-sdk-kms (1.114.0)
      aws-sdk-core (~> 3, >= 3.231.0)
      aws-sigv4 (~> 1.5)
    aws-sdk-s3 (1.200.0)
      aws-sdk-core (~> 3, >= 3.231.0)
      aws-sdk-kms (~> 1)
      aws-sigv4 (~> 1.5)
    aws-sigv4 (1.12.1)
      aws-eventstream (~> 1, >= 1.0.2)
    backports (3.25.2)
    base64 (0.3.0)
    bigdecimal (3.3.1)
    cabin (0.9.1)
    clamp (1.0.1)
    diff-lcs (1.6.2)
    dotenv (2.8.1)
    fpm (1.15.1)
      arr-pm (~> 0.0.11)
      backports (>= 2.6.2)
      cabin (>= 0.6.0)
      clamp (~> 1.0.0)
      pleaserun (~> 0.0.29)
      rexml
      stud
    given_core (3.8.2)
      sorcerer (>= 0.3.7)
    insist (1.0.0)
    jmespath (1.6.2)
    logger (1.7.0)
    mustache (0.99.8)
    mustermann (2.0.2)
      ruby2_keywords (~> 0.0.1)
    nokogiri (1.18.10-arm64-darwin)
      racc (~> 1.4)
    pleaserun (0.0.33)
      cabin (> 0)
      clamp
      dotenv (~> 2)
      insist
      mustache (= 0.99.8)
      stud
    racc (1.8.1)
    rack (2.2.20)
    rack-protection (2.2.4)
      rack
    rexml (3.4.4)
    rspec (3.13.2)
      rspec-core (~> 3.13.0)
      rspec-expectations (~> 3.13.0)
      rspec-mocks (~> 3.13.0)
    rspec-core (3.13.6)
      rspec-support (~> 3.13.0)
    rspec-expectations (3.13.5)
      diff-lcs (>= 1.2.0, < 2.0)
      rspec-support (~> 3.13.0)
    rspec-given (3.8.2)
      given_core (= 3.8.2)
      rspec (>= 2.14.0)
    rspec-mocks (3.13.6)
      diff-lcs (>= 1.2.0, < 2.0)
      rspec-support (~> 3.13.0)
    rspec-support (3.13.6)
    ruby2_keywords (0.0.5)
    sinatra (2.2.4)
      mustermann (~> 2.0)
      rack (~> 2.2)
      rack-protection (= 2.2.4)
      tilt (~> 2.0)
    sorcerer (2.0.1)
    stud (0.0.23)
    tilt (2.6.1)

PLATFORMS
  arm64-darwin-24

DEPENDENCIES
  aws-sdk-ec2 (~> 1.450)
  aws-sdk-s3 (~> 1.140)
  fpm (= 1.15.1)
  nokogiri (~> 1.15)
  rexml
  rspec (~> 3.12)
  rspec-given (~> 3.8)
  sinatra (~> 2.2)

BUNDLED WITH
   2.3.27
